// !$*UTF8*$!
{
	archiveVersion = 1;
	classes = {
	};
	objectVersion = 46;
	objects = {

/* Begin PBXBuildFile section */
		2612B5271D50490500BF671D /* ModelDecodeTests.swift in Sources */ = {isa = PBXBuildFile; fileRef = 2612B5261D50490500BF671D /* ModelDecodeTests.swift */; };
		2612B52C1D50513600BF671D /* routes.4B.json in Resources */ = {isa = PBXBuildFile; fileRef = 2612B5291D50513600BF671D /* routes.4B.json */; };
		2612B52D1D50513600BF671D /* stations.BUS100W.json in Resources */ = {isa = PBXBuildFile; fileRef = 2612B52A1D50513600BF671D /* stations.BUS100W.json */; };
		261DD1631C3424E1001336D4 /* RouteBadgeLabel.swift in Sources */ = {isa = PBXBuildFile; fileRef = 261DD1621C3424E1001336D4 /* RouteBadgeLabel.swift */; };
		2635DB6E1C3CB15200EB58F5 /* TransitLabelTests.swift in Sources */ = {isa = PBXBuildFile; fileRef = 2635DB6D1C3CB15200EB58F5 /* TransitLabelTests.swift */; };
		2635DB721C3CBF4700EB58F5 /* RouteTableView.swift in Sources */ = {isa = PBXBuildFile; fileRef = 2635DB711C3CBF4700EB58F5 /* RouteTableView.swift */; };
		2635DB781C3DDE0D00EB58F5 /* RouteTableViewHeaderFooterView.swift in Sources */ = {isa = PBXBuildFile; fileRef = 2635DB771C3DDE0D00EB58F5 /* RouteTableViewHeaderFooterView.swift */; };
		264754901D551411000F0831 /* ArrivalsTableViewControllerTests.swift in Sources */ = {isa = PBXBuildFile; fileRef = 2647548F1D551411000F0831 /* ArrivalsTableViewControllerTests.swift */; };
		2647825E1C2F7B34009D9AD0 /* CoreLocation.framework in Frameworks */ = {isa = PBXBuildFile; fileRef = 2647825D1C2F7B34009D9AD0 /* CoreLocation.framework */; };
		264782601C2F7E77009D9AD0 /* PSLocationManagerDelegate.swift in Sources */ = {isa = PBXBuildFile; fileRef = 2647825F1C2F7E77009D9AD0 /* PSLocationManagerDelegate.swift */; };
		264A13C71D26157400B44D47 /* ProperError.swift in Sources */ = {isa = PBXBuildFile; fileRef = 264A13C61D26157400B44D47 /* ProperError.swift */; };
		264A13C91D2625CE00B44D47 /* TopicEvent.swift in Sources */ = {isa = PBXBuildFile; fileRef = 264A13C81D2625CE00B44D47 /* TopicEvent.swift */; };
		2650D28E1D176B65003758BF /* Configuration.swift in Sources */ = {isa = PBXBuildFile; fileRef = 2650D28D1D176B65003758BF /* Configuration.swift */; };
		2650EDA01C41CFCC006CCD42 /* Array.swift in Sources */ = {isa = PBXBuildFile; fileRef = 2650ED9F1C41CFCC006CCD42 /* Array.swift */; };
		266111D21D51521500D8F46B /* UIColorDecodeTests.swift in Sources */ = {isa = PBXBuildFile; fileRef = 266111D11D51521500D8F46B /* UIColorDecodeTests.swift */; };
		266111DD1D5378B500D8F46B /* NilConnection.swift in Sources */ = {isa = PBXBuildFile; fileRef = 266111DC1D5378B500D8F46B /* NilConnection.swift */; };
		266111DE1D5380D300D8F46B /* ConnectionMock.swift in Sources */ = {isa = PBXBuildFile; fileRef = 2612F9FE1D2CCAE5005103E3 /* ConnectionMock.swift */; };
		266BAE651D2B676F001C9EC8 /* UIColor.swift in Sources */ = {isa = PBXBuildFile; fileRef = 266BAE641D2B676F001C9EC8 /* UIColor.swift */; };
		266BAE661D2B7159001C9EC8 /* StartListViewController.swift in Sources */ = {isa = PBXBuildFile; fileRef = 264782551C2C6F67009D9AD0 /* StartListViewController.swift */; };
		266CC4D81D826FC70022D064 /* vehicles.1801.json in Resources */ = {isa = PBXBuildFile; fileRef = 266CC4D71D826FC70022D064 /* vehicles.1801.json */; };
		267019581C3F5BB50057FD11 /* RailVehicle.swift in Sources */ = {isa = PBXBuildFile; fileRef = 267019571C3F5BB50057FD11 /* RailVehicle.swift */; };
		2675254F1D66638C00F6C33F /* RouteTableViewCell.swift in Sources */ = {isa = PBXBuildFile; fileRef = 2675254E1D66638C00F6C33F /* RouteTableViewCell.swift */; };
		267525521D6D3B4F00F6C33F /* Decoded.swift in Sources */ = {isa = PBXBuildFile; fileRef = 267525511D6D3B4F00F6C33F /* Decoded.swift */; };
		268632811C319B0D00839A22 /* SceneMediator.swift in Sources */ = {isa = PBXBuildFile; fileRef = 268632801C319B0D00839A22 /* SceneMediator.swift */; };
		268E72281BF9938800E981D4 /* TransitLabel.swift in Sources */ = {isa = PBXBuildFile; fileRef = 268E72261BF9938800E981D4 /* TransitLabel.swift */; };
		268E72291BF9938800E981D4 /* TransitNavigationItem.swift in Sources */ = {isa = PBXBuildFile; fileRef = 268E72271BF9938800E981D4 /* TransitNavigationItem.swift */; };
		2698CF011D8B8FC400E6174A /* RoutesCollectionViewCell.swift in Sources */ = {isa = PBXBuildFile; fileRef = 2698CF001D8B8FC400E6174A /* RoutesCollectionViewCell.swift */; };
		2698CF031D8B904C00E6174A /* RoutesCollectionViewController.swift in Sources */ = {isa = PBXBuildFile; fileRef = 2698CF021D8B904C00E6174A /* RoutesCollectionViewController.swift */; };
		26A424B41BD2C1320035754F /* AppDelegate.swift in Sources */ = {isa = PBXBuildFile; fileRef = 26A424B31BD2C1320035754F /* AppDelegate.swift */; };
		26A424B91BD2C1320035754F /* Main.storyboard in Resources */ = {isa = PBXBuildFile; fileRef = 26A424B71BD2C1320035754F /* Main.storyboard */; };
		26A424BB1BD2C1320035754F /* Assets.xcassets in Resources */ = {isa = PBXBuildFile; fileRef = 26A424BA1BD2C1320035754F /* Assets.xcassets */; };
		26A424BE1BD2C1320035754F /* LaunchScreen.storyboard in Resources */ = {isa = PBXBuildFile; fileRef = 26A424BC1BD2C1320035754F /* LaunchScreen.storyboard */; };
		26A424E21BD2C7EE0035754F /* MapKit.framework in Frameworks */ = {isa = PBXBuildFile; fileRef = 26A424E11BD2C7EE0035754F /* MapKit.framework */; };
		26A424E51BD2D3F20035754F /* ArrivalTableViewCell.swift in Sources */ = {isa = PBXBuildFile; fileRef = 26A424E31BD2D3F20035754F /* ArrivalTableViewCell.swift */; };
		26A424E61BD2D3F20035754F /* ArrivalTableViewCell.xib in Resources */ = {isa = PBXBuildFile; fileRef = 26A424E41BD2D3F20035754F /* ArrivalTableViewCell.xib */; };
		26A4B7AF1D32251100264F0D /* MutableStation.swift in Sources */ = {isa = PBXBuildFile; fileRef = 26A4B7AE1D32251100264F0D /* MutableStation.swift */; };
		26A4B7B11D32CEC800264F0D /* MutableRoute.swift in Sources */ = {isa = PBXBuildFile; fileRef = 26A4B7B01D32CEC800264F0D /* MutableRoute.swift */; };
		26A4B7B31D33503600264F0D /* MutableVehicle.swift in Sources */ = {isa = PBXBuildFile; fileRef = 26A4B7B21D33503600264F0D /* MutableVehicle.swift */; };
		26A8D6021D484944000434F9 /* ArrivalsTableViewController.swift in Sources */ = {isa = PBXBuildFile; fileRef = 26A8D6011D484944000434F9 /* ArrivalsTableViewController.swift */; };
		26AC8BB21BD345F100AA0001 /* Media.xcassets in Resources */ = {isa = PBXBuildFile; fileRef = 26AC8BB11BD345F100AA0001 /* Media.xcassets */; };
		26AC8BB61BD3503300AA0001 /* QuartzCore.framework in Frameworks */ = {isa = PBXBuildFile; fileRef = 26AC8BB51BD3503300AA0001 /* QuartzCore.framework */; };
		26AE681C1D601D0B0031E534 /* RouteViewController.swift in Sources */ = {isa = PBXBuildFile; fileRef = 26AE681B1D601D0B0031E534 /* RouteViewController.swift */; };
		26AE681E1D612B810031E534 /* RouteTableViewController.swift in Sources */ = {isa = PBXBuildFile; fileRef = 26AE681D1D612B810031E534 /* RouteTableViewController.swift */; };
		26AE68201D622CCD0031E534 /* CanonicalRoute.swift in Sources */ = {isa = PBXBuildFile; fileRef = 26AE681F1D622CCD0031E534 /* CanonicalRoute.swift */; };
		26AE68221D62AD250031E534 /* CanonicalRouteTests.swift in Sources */ = {isa = PBXBuildFile; fileRef = 26AE68211D62AD250031E534 /* CanonicalRouteTests.swift */; };
		26AE68241D62BDF90031E534 /* RouteStop.swift in Sources */ = {isa = PBXBuildFile; fileRef = 26AE68231D62BDF90031E534 /* RouteStop.swift */; };
		26B3DC561D170BAE001E29AA /* Connection.swift in Sources */ = {isa = PBXBuildFile; fileRef = 26B3DC551D170BAE001E29AA /* Connection.swift */; };
		26B9E1D31D35E0C500794EB6 /* SignalType.swift in Sources */ = {isa = PBXBuildFile; fileRef = 26B9E1D21D35E0C500794EB6 /* SignalType.swift */; };
		26C3C21B1D542ED3008E2A46 /* ConnectionMockTests.swift in Sources */ = {isa = PBXBuildFile; fileRef = 26C3C21A1D542ED3008E2A46 /* ConnectionMockTests.swift */; };
		26C3C21C1D543CFF008E2A46 /* MutableModelTestSpec.swift in Sources */ = {isa = PBXBuildFile; fileRef = 266111D71D52EA6100D8F46B /* MutableModelTestSpec.swift */; };
		26C598BC1C250D1E00BC9FE1 /* RouteBadge.swift in Sources */ = {isa = PBXBuildFile; fileRef = 26C598BB1C250D1E00BC9FE1 /* RouteBadge.swift */; };
		26CDF9591D7B344200E53F82 /* Box.swift in Sources */ = {isa = PBXBuildFile; fileRef = 26CDF9581D7B344200E53F82 /* Box.swift */; };
		26CDF95B1D7E58CD00E53F82 /* TestError.swift in Sources */ = {isa = PBXBuildFile; fileRef = 26CDF95A1D7E58CD00E53F82 /* TestError.swift */; };
		26CDF95D1D7E59C700E53F82 /* Model+fixture.swift in Sources */ = {isa = PBXBuildFile; fileRef = 26CDF95C1D7E59C700E53F82 /* Model+fixture.swift */; };
		26D3E21F1D2776AB00F85712 /* Matchers.swift in Sources */ = {isa = PBXBuildFile; fileRef = 26D3E21E1D2776AB00F85712 /* Matchers.swift */; };
		26D3E2221D28DFE800F85712 /* Route.swift in Sources */ = {isa = PBXBuildFile; fileRef = 26D3E2211D28DFE800F85712 /* Route.swift */; };
		26D3E2241D28E07100F85712 /* Model.swift in Sources */ = {isa = PBXBuildFile; fileRef = 26D3E2231D28E07100F85712 /* Model.swift */; };
		26D3E2261D28E0B000F85712 /* Point.swift in Sources */ = {isa = PBXBuildFile; fileRef = 26D3E2251D28E0B000F85712 /* Point.swift */; };
		26D3E2291D28E24B00F85712 /* Station.swift in Sources */ = {isa = PBXBuildFile; fileRef = 26D3E2281D28E24B00F85712 /* Station.swift */; };
		26D3E22B1D28E25200F85712 /* Vehicle.swift in Sources */ = {isa = PBXBuildFile; fileRef = 26D3E22A1D28E25200F85712 /* Vehicle.swift */; };
		26D3E22F1D29BBA700F85712 /* MutableModel.swift in Sources */ = {isa = PBXBuildFile; fileRef = 26D3E22E1D29BBA700F85712 /* MutableModel.swift */; };
		26DBCF491D3FF59A00B22562 /* EventLog.swift in Sources */ = {isa = PBXBuildFile; fileRef = 26DBCF481D3FF59A00B22562 /* EventLog.swift */; };
		26DFB6761C35A7F7006A8AE0 /* ScheduleRail.swift in Sources */ = {isa = PBXBuildFile; fileRef = 26DFB6751C35A7F7006A8AE0 /* ScheduleRail.swift */; };
		26DFB67C1C35DFA5006A8AE0 /* RouteTableViewCell.xib in Resources */ = {isa = PBXBuildFile; fileRef = 26DFB67B1C35DFA5006A8AE0 /* RouteTableViewCell.xib */; };
		26E038551D8DE9ED0006B265 /* Argo.framework in Frameworks */ = {isa = PBXBuildFile; fileRef = 26E0384F1D8DE9ED0006B265 /* Argo.framework */; };
		26E038561D8DE9ED0006B265 /* Curry.framework in Frameworks */ = {isa = PBXBuildFile; fileRef = 26E038501D8DE9ED0006B265 /* Curry.framework */; };
		26E038571D8DE9ED0006B265 /* Dwifft.framework in Frameworks */ = {isa = PBXBuildFile; fileRef = 26E038511D8DE9ED0006B265 /* Dwifft.framework */; };
		26E038581D8DE9ED0006B265 /* MDWamp.framework in Frameworks */ = {isa = PBXBuildFile; fileRef = 26E038521D8DE9ED0006B265 /* MDWamp.framework */; };
		26E038591D8DE9ED0006B265 /* ReactiveCocoa.framework in Frameworks */ = {isa = PBXBuildFile; fileRef = 26E038531D8DE9ED0006B265 /* ReactiveCocoa.framework */; };
		26E0385A1D8DE9ED0006B265 /* Result.framework in Frameworks */ = {isa = PBXBuildFile; fileRef = 26E038541D8DE9ED0006B265 /* Result.framework */; };
		26E038821D8F94030006B265 /* Colours.swift in Sources */ = {isa = PBXBuildFile; fileRef = 26E038811D8F94030006B265 /* Colours.swift */; };
		26E3E2CF1D3C7DF90018EF3F /* ProperViewController.swift in Sources */ = {isa = PBXBuildFile; fileRef = 26E3E2CE1D3C7DF90018EF3F /* ProperViewController.swift */; };
		26E3E2D01D3C810B0018EF3F /* StationViewController.swift in Sources */ = {isa = PBXBuildFile; fileRef = 26A424B51BD2C1320035754F /* StationViewController.swift */; };
		26E964F41D56382300F83797 /* MutableStationTests.swift in Sources */ = {isa = PBXBuildFile; fileRef = 26E964F31D56382300F83797 /* MutableStationTests.swift */; };
		26E964F61D56386000F83797 /* MutableRouteTests.swift in Sources */ = {isa = PBXBuildFile; fileRef = 26E964F51D56386000F83797 /* MutableRouteTests.swift */; };
		26E964F81D56388800F83797 /* MutableVehicleTests.swift in Sources */ = {isa = PBXBuildFile; fileRef = 26E964F71D56388800F83797 /* MutableVehicleTests.swift */; };
		26E964FA1D56396F00F83797 /* MutableModelTests.swift in Sources */ = {isa = PBXBuildFile; fileRef = 26E964F91D56396F00F83797 /* MutableModelTests.swift */; };
		26E964FD1D58E00600F83797 /* MutableModelDelegateMock.swift in Sources */ = {isa = PBXBuildFile; fileRef = 26E964FC1D58E00600F83797 /* MutableModelDelegateMock.swift */; };
		26EBAB391D7B12DC00342D0C /* LastEventCache.swift in Sources */ = {isa = PBXBuildFile; fileRef = 26EBAB381D7B12DC00342D0C /* LastEventCache.swift */; };
/* End PBXBuildFile section */

/* Begin PBXContainerItemProxy section */
		26A424C51BD2C1320035754F /* PBXContainerItemProxy */ = {
			isa = PBXContainerItemProxy;
			containerPortal = 26A424A81BD2C1320035754F /* Project object */;
			proxyType = 1;
			remoteGlobalIDString = 26A424AF1BD2C1320035754F;
			remoteInfo = Proper;
		};
		26A424D01BD2C1320035754F /* PBXContainerItemProxy */ = {
			isa = PBXContainerItemProxy;
			containerPortal = 26A424A81BD2C1320035754F /* Project object */;
			proxyType = 1;
			remoteGlobalIDString = 26A424AF1BD2C1320035754F;
			remoteInfo = Proper;
		};
/* End PBXContainerItemProxy section */

/* Begin PBXFileReference section */
		2612B5261D50490500BF671D /* ModelDecodeTests.swift */ = {isa = PBXFileReference; fileEncoding = 4; lastKnownFileType = sourcecode.swift; path = ModelDecodeTests.swift; sourceTree = "<group>"; };
		2612B5291D50513600BF671D /* routes.4B.json */ = {isa = PBXFileReference; fileEncoding = 4; lastKnownFileType = text.json; path = routes.4B.json; sourceTree = "<group>"; };
		2612B52A1D50513600BF671D /* stations.BUS100W.json */ = {isa = PBXFileReference; fileEncoding = 4; lastKnownFileType = text.json; path = stations.BUS100W.json; sourceTree = "<group>"; };
		2612F9FE1D2CCAE5005103E3 /* ConnectionMock.swift */ = {isa = PBXFileReference; fileEncoding = 4; lastKnownFileType = sourcecode.swift; lineEnding = 0; path = ConnectionMock.swift; sourceTree = "<group>"; xcLanguageSpecificationIdentifier = xcode.lang.swift; };
		261DD1621C3424E1001336D4 /* RouteBadgeLabel.swift */ = {isa = PBXFileReference; fileEncoding = 4; lastKnownFileType = sourcecode.swift; path = RouteBadgeLabel.swift; sourceTree = "<group>"; };
		261DD1681C345AAC001336D4 /* RouteBadgeController.swift */ = {isa = PBXFileReference; fileEncoding = 4; lastKnownFileType = sourcecode.swift; path = RouteBadgeController.swift; sourceTree = "<group>"; };
		2635DB6D1C3CB15200EB58F5 /* TransitLabelTests.swift */ = {isa = PBXFileReference; fileEncoding = 4; lastKnownFileType = sourcecode.swift; path = TransitLabelTests.swift; sourceTree = "<group>"; };
		2635DB711C3CBF4700EB58F5 /* RouteTableView.swift */ = {isa = PBXFileReference; fileEncoding = 4; lastKnownFileType = sourcecode.swift; path = RouteTableView.swift; sourceTree = "<group>"; };
		2635DB771C3DDE0D00EB58F5 /* RouteTableViewHeaderFooterView.swift */ = {isa = PBXFileReference; fileEncoding = 4; lastKnownFileType = sourcecode.swift; path = RouteTableViewHeaderFooterView.swift; sourceTree = "<group>"; };
		2647548F1D551411000F0831 /* ArrivalsTableViewControllerTests.swift */ = {isa = PBXFileReference; fileEncoding = 4; lastKnownFileType = sourcecode.swift; path = ArrivalsTableViewControllerTests.swift; sourceTree = "<group>"; };
		264782551C2C6F67009D9AD0 /* StartListViewController.swift */ = {isa = PBXFileReference; fileEncoding = 4; lastKnownFileType = sourcecode.swift; lineEnding = 0; path = StartListViewController.swift; sourceTree = "<group>"; xcLanguageSpecificationIdentifier = xcode.lang.swift; };
		2647825D1C2F7B34009D9AD0 /* CoreLocation.framework */ = {isa = PBXFileReference; lastKnownFileType = wrapper.framework; name = CoreLocation.framework; path = System/Library/Frameworks/CoreLocation.framework; sourceTree = SDKROOT; };
		2647825F1C2F7E77009D9AD0 /* PSLocationManagerDelegate.swift */ = {isa = PBXFileReference; fileEncoding = 4; lastKnownFileType = sourcecode.swift; path = PSLocationManagerDelegate.swift; sourceTree = "<group>"; };
		264A13C61D26157400B44D47 /* ProperError.swift */ = {isa = PBXFileReference; fileEncoding = 4; lastKnownFileType = sourcecode.swift; path = ProperError.swift; sourceTree = "<group>"; };
		264A13C81D2625CE00B44D47 /* TopicEvent.swift */ = {isa = PBXFileReference; fileEncoding = 4; lastKnownFileType = sourcecode.swift; lineEnding = 0; path = TopicEvent.swift; sourceTree = "<group>"; xcLanguageSpecificationIdentifier = xcode.lang.swift; };
		2650D28D1D176B65003758BF /* Configuration.swift */ = {isa = PBXFileReference; fileEncoding = 4; lastKnownFileType = sourcecode.swift; path = Configuration.swift; sourceTree = "<group>"; };
		2650ED9F1C41CFCC006CCD42 /* Array.swift */ = {isa = PBXFileReference; fileEncoding = 4; lastKnownFileType = sourcecode.swift; path = Array.swift; sourceTree = "<group>"; };
		266111D11D51521500D8F46B /* UIColorDecodeTests.swift */ = {isa = PBXFileReference; fileEncoding = 4; lastKnownFileType = sourcecode.swift; path = UIColorDecodeTests.swift; sourceTree = "<group>"; };
		266111D71D52EA6100D8F46B /* MutableModelTestSpec.swift */ = {isa = PBXFileReference; fileEncoding = 4; lastKnownFileType = sourcecode.swift; path = MutableModelTestSpec.swift; sourceTree = "<group>"; };
		266111DC1D5378B500D8F46B /* NilConnection.swift */ = {isa = PBXFileReference; fileEncoding = 4; lastKnownFileType = sourcecode.swift; path = NilConnection.swift; sourceTree = "<group>"; };
		266BAE641D2B676F001C9EC8 /* UIColor.swift */ = {isa = PBXFileReference; fileEncoding = 4; lastKnownFileType = sourcecode.swift; path = UIColor.swift; sourceTree = "<group>"; };
		266CC4D71D826FC70022D064 /* vehicles.1801.json */ = {isa = PBXFileReference; fileEncoding = 4; lastKnownFileType = text.json; path = vehicles.1801.json; sourceTree = "<group>"; };
		267019571C3F5BB50057FD11 /* RailVehicle.swift */ = {isa = PBXFileReference; fileEncoding = 4; lastKnownFileType = sourcecode.swift; path = RailVehicle.swift; sourceTree = "<group>"; };
		2675254E1D66638C00F6C33F /* RouteTableViewCell.swift */ = {isa = PBXFileReference; fileEncoding = 4; lastKnownFileType = sourcecode.swift; path = RouteTableViewCell.swift; sourceTree = "<group>"; };
		267525511D6D3B4F00F6C33F /* Decoded.swift */ = {isa = PBXFileReference; fileEncoding = 4; lastKnownFileType = sourcecode.swift; path = Decoded.swift; sourceTree = "<group>"; };
		268632801C319B0D00839A22 /* SceneMediator.swift */ = {isa = PBXFileReference; fileEncoding = 4; lastKnownFileType = sourcecode.swift; lineEnding = 0; path = SceneMediator.swift; sourceTree = "<group>"; xcLanguageSpecificationIdentifier = xcode.lang.swift; };
		268E72261BF9938800E981D4 /* TransitLabel.swift */ = {isa = PBXFileReference; fileEncoding = 4; lastKnownFileType = sourcecode.swift; path = TransitLabel.swift; sourceTree = "<group>"; };
		268E72271BF9938800E981D4 /* TransitNavigationItem.swift */ = {isa = PBXFileReference; fileEncoding = 4; lastKnownFileType = sourcecode.swift; path = TransitNavigationItem.swift; sourceTree = "<group>"; };
		2698CF001D8B8FC400E6174A /* RoutesCollectionViewCell.swift */ = {isa = PBXFileReference; fileEncoding = 4; lastKnownFileType = sourcecode.swift; path = RoutesCollectionViewCell.swift; sourceTree = "<group>"; };
		2698CF021D8B904C00E6174A /* RoutesCollectionViewController.swift */ = {isa = PBXFileReference; fileEncoding = 4; lastKnownFileType = sourcecode.swift; path = RoutesCollectionViewController.swift; sourceTree = "<group>"; };
		26A424B01BD2C1320035754F /* Proper.app */ = {isa = PBXFileReference; explicitFileType = wrapper.application; includeInIndex = 0; path = Proper.app; sourceTree = BUILT_PRODUCTS_DIR; };
		26A424B31BD2C1320035754F /* AppDelegate.swift */ = {isa = PBXFileReference; lastKnownFileType = sourcecode.swift; lineEnding = 0; path = AppDelegate.swift; sourceTree = "<group>"; xcLanguageSpecificationIdentifier = xcode.lang.swift; };
		26A424B51BD2C1320035754F /* StationViewController.swift */ = {isa = PBXFileReference; lastKnownFileType = sourcecode.swift; lineEnding = 0; path = StationViewController.swift; sourceTree = "<group>"; xcLanguageSpecificationIdentifier = xcode.lang.swift; };
		26A424B81BD2C1320035754F /* Base */ = {isa = PBXFileReference; lastKnownFileType = file.storyboard; name = Base; path = Base.lproj/Main.storyboard; sourceTree = "<group>"; };
		26A424BA1BD2C1320035754F /* Assets.xcassets */ = {isa = PBXFileReference; lastKnownFileType = folder.assetcatalog; path = Assets.xcassets; sourceTree = "<group>"; };
		26A424BD1BD2C1320035754F /* Base */ = {isa = PBXFileReference; lastKnownFileType = file.storyboard; name = Base; path = Base.lproj/LaunchScreen.storyboard; sourceTree = "<group>"; };
		26A424BF1BD2C1320035754F /* Info.plist */ = {isa = PBXFileReference; lastKnownFileType = text.plist.xml; path = Info.plist; sourceTree = "<group>"; };
		26A424C41BD2C1320035754F /* ProperTests.xctest */ = {isa = PBXFileReference; explicitFileType = wrapper.cfbundle; includeInIndex = 0; path = ProperTests.xctest; sourceTree = BUILT_PRODUCTS_DIR; };
		26A424CA1BD2C1320035754F /* Info.plist */ = {isa = PBXFileReference; lastKnownFileType = text.plist.xml; path = Info.plist; sourceTree = "<group>"; };
		26A424CF1BD2C1320035754F /* ProperUITests.xctest */ = {isa = PBXFileReference; explicitFileType = wrapper.cfbundle; includeInIndex = 0; path = ProperUITests.xctest; sourceTree = BUILT_PRODUCTS_DIR; };
		26A424D51BD2C1320035754F /* Info.plist */ = {isa = PBXFileReference; lastKnownFileType = text.plist.xml; path = Info.plist; sourceTree = "<group>"; };
		26A424E11BD2C7EE0035754F /* MapKit.framework */ = {isa = PBXFileReference; lastKnownFileType = wrapper.framework; name = MapKit.framework; path = System/Library/Frameworks/MapKit.framework; sourceTree = SDKROOT; };
		26A424E31BD2D3F20035754F /* ArrivalTableViewCell.swift */ = {isa = PBXFileReference; fileEncoding = 4; lastKnownFileType = sourcecode.swift; lineEnding = 0; path = ArrivalTableViewCell.swift; sourceTree = "<group>"; xcLanguageSpecificationIdentifier = xcode.lang.swift; };
		26A424E41BD2D3F20035754F /* ArrivalTableViewCell.xib */ = {isa = PBXFileReference; fileEncoding = 4; lastKnownFileType = file.xib; path = ArrivalTableViewCell.xib; sourceTree = "<group>"; };
		26A4B7AE1D32251100264F0D /* MutableStation.swift */ = {isa = PBXFileReference; fileEncoding = 4; lastKnownFileType = sourcecode.swift; lineEnding = 0; path = MutableStation.swift; sourceTree = "<group>"; xcLanguageSpecificationIdentifier = xcode.lang.swift; };
		26A4B7B01D32CEC800264F0D /* MutableRoute.swift */ = {isa = PBXFileReference; fileEncoding = 4; lastKnownFileType = sourcecode.swift; lineEnding = 0; path = MutableRoute.swift; sourceTree = "<group>"; xcLanguageSpecificationIdentifier = xcode.lang.swift; };
		26A4B7B21D33503600264F0D /* MutableVehicle.swift */ = {isa = PBXFileReference; fileEncoding = 4; lastKnownFileType = sourcecode.swift; lineEnding = 0; path = MutableVehicle.swift; sourceTree = "<group>"; xcLanguageSpecificationIdentifier = xcode.lang.swift; };
		26A8D6011D484944000434F9 /* ArrivalsTableViewController.swift */ = {isa = PBXFileReference; fileEncoding = 4; lastKnownFileType = sourcecode.swift; lineEnding = 0; path = ArrivalsTableViewController.swift; sourceTree = "<group>"; xcLanguageSpecificationIdentifier = xcode.lang.swift; };
		26AC8BB11BD345F100AA0001 /* Media.xcassets */ = {isa = PBXFileReference; lastKnownFileType = folder.assetcatalog; path = Media.xcassets; sourceTree = "<group>"; };
		26AC8BB31BD34BA700AA0001 /* VehicleViewController.swift */ = {isa = PBXFileReference; fileEncoding = 4; lastKnownFileType = sourcecode.swift; path = VehicleViewController.swift; sourceTree = "<group>"; };
		26AC8BB51BD3503300AA0001 /* QuartzCore.framework */ = {isa = PBXFileReference; lastKnownFileType = wrapper.framework; name = QuartzCore.framework; path = System/Library/Frameworks/QuartzCore.framework; sourceTree = SDKROOT; };
		26AE681B1D601D0B0031E534 /* RouteViewController.swift */ = {isa = PBXFileReference; fileEncoding = 4; lastKnownFileType = sourcecode.swift; path = RouteViewController.swift; sourceTree = "<group>"; };
		26AE681D1D612B810031E534 /* RouteTableViewController.swift */ = {isa = PBXFileReference; fileEncoding = 4; lastKnownFileType = sourcecode.swift; lineEnding = 0; path = RouteTableViewController.swift; sourceTree = "<group>"; xcLanguageSpecificationIdentifier = xcode.lang.swift; };
		26AE681F1D622CCD0031E534 /* CanonicalRoute.swift */ = {isa = PBXFileReference; fileEncoding = 4; lastKnownFileType = sourcecode.swift; lineEnding = 0; path = CanonicalRoute.swift; sourceTree = "<group>"; xcLanguageSpecificationIdentifier = xcode.lang.swift; };
		26AE68211D62AD250031E534 /* CanonicalRouteTests.swift */ = {isa = PBXFileReference; fileEncoding = 4; lastKnownFileType = sourcecode.swift; path = CanonicalRouteTests.swift; sourceTree = "<group>"; };
		26AE68231D62BDF90031E534 /* RouteStop.swift */ = {isa = PBXFileReference; fileEncoding = 4; lastKnownFileType = sourcecode.swift; path = RouteStop.swift; sourceTree = "<group>"; };
		26B3DC551D170BAE001E29AA /* Connection.swift */ = {isa = PBXFileReference; fileEncoding = 4; lastKnownFileType = sourcecode.swift; lineEnding = 0; path = Connection.swift; sourceTree = "<group>"; xcLanguageSpecificationIdentifier = xcode.lang.swift; };
		26B9E1D21D35E0C500794EB6 /* SignalType.swift */ = {isa = PBXFileReference; fileEncoding = 4; lastKnownFileType = sourcecode.swift; path = SignalType.swift; sourceTree = "<group>"; };
		26C3C21A1D542ED3008E2A46 /* ConnectionMockTests.swift */ = {isa = PBXFileReference; fileEncoding = 4; lastKnownFileType = sourcecode.swift; path = ConnectionMockTests.swift; sourceTree = "<group>"; };
		26C598BB1C250D1E00BC9FE1 /* RouteBadge.swift */ = {isa = PBXFileReference; fileEncoding = 4; lastKnownFileType = sourcecode.swift; lineEnding = 0; path = RouteBadge.swift; sourceTree = "<group>"; xcLanguageSpecificationIdentifier = xcode.lang.swift; };
		26CDF9581D7B344200E53F82 /* Box.swift */ = {isa = PBXFileReference; fileEncoding = 4; lastKnownFileType = sourcecode.swift; path = Box.swift; sourceTree = "<group>"; };
		26CDF95A1D7E58CD00E53F82 /* TestError.swift */ = {isa = PBXFileReference; fileEncoding = 4; lastKnownFileType = sourcecode.swift; path = TestError.swift; sourceTree = "<group>"; };
		26CDF95C1D7E59C700E53F82 /* Model+fixture.swift */ = {isa = PBXFileReference; fileEncoding = 4; lastKnownFileType = sourcecode.swift; path = "Model+fixture.swift"; sourceTree = "<group>"; };
		26D3E21E1D2776AB00F85712 /* Matchers.swift */ = {isa = PBXFileReference; fileEncoding = 4; lastKnownFileType = sourcecode.swift; lineEnding = 0; path = Matchers.swift; sourceTree = "<group>"; };
		26D3E2211D28DFE800F85712 /* Route.swift */ = {isa = PBXFileReference; fileEncoding = 4; lastKnownFileType = sourcecode.swift; path = Route.swift; sourceTree = "<group>"; };
		26D3E2231D28E07100F85712 /* Model.swift */ = {isa = PBXFileReference; fileEncoding = 4; lastKnownFileType = sourcecode.swift; path = Model.swift; sourceTree = "<group>"; };
		26D3E2251D28E0B000F85712 /* Point.swift */ = {isa = PBXFileReference; fileEncoding = 4; lastKnownFileType = sourcecode.swift; path = Point.swift; sourceTree = "<group>"; };
		26D3E2281D28E24B00F85712 /* Station.swift */ = {isa = PBXFileReference; fileEncoding = 4; lastKnownFileType = sourcecode.swift; path = Station.swift; sourceTree = "<group>"; };
		26D3E22A1D28E25200F85712 /* Vehicle.swift */ = {isa = PBXFileReference; fileEncoding = 4; lastKnownFileType = sourcecode.swift; path = Vehicle.swift; sourceTree = "<group>"; };
		26D3E22E1D29BBA700F85712 /* MutableModel.swift */ = {isa = PBXFileReference; fileEncoding = 4; lastKnownFileType = sourcecode.swift; lineEnding = 0; path = MutableModel.swift; sourceTree = "<group>"; xcLanguageSpecificationIdentifier = xcode.lang.swift; };
		26DBCF481D3FF59A00B22562 /* EventLog.swift */ = {isa = PBXFileReference; fileEncoding = 4; lastKnownFileType = sourcecode.swift; path = EventLog.swift; sourceTree = "<group>"; };
		26DFB6751C35A7F7006A8AE0 /* ScheduleRail.swift */ = {isa = PBXFileReference; fileEncoding = 4; lastKnownFileType = sourcecode.swift; path = ScheduleRail.swift; sourceTree = "<group>"; };
		26DFB67B1C35DFA5006A8AE0 /* RouteTableViewCell.xib */ = {isa = PBXFileReference; fileEncoding = 4; lastKnownFileType = file.xib; path = RouteTableViewCell.xib; sourceTree = "<group>"; };
		26E0384F1D8DE9ED0006B265 /* Argo.framework */ = {isa = PBXFileReference; lastKnownFileType = wrapper.framework; name = Argo.framework; path = Carthage/Build/iOS/Argo.framework; sourceTree = "<group>"; };
		26E038501D8DE9ED0006B265 /* Curry.framework */ = {isa = PBXFileReference; lastKnownFileType = wrapper.framework; name = Curry.framework; path = Carthage/Build/iOS/Curry.framework; sourceTree = "<group>"; };
		26E038511D8DE9ED0006B265 /* Dwifft.framework */ = {isa = PBXFileReference; lastKnownFileType = wrapper.framework; name = Dwifft.framework; path = Carthage/Build/iOS/Dwifft.framework; sourceTree = "<group>"; };
		26E038521D8DE9ED0006B265 /* MDWamp.framework */ = {isa = PBXFileReference; lastKnownFileType = wrapper.framework; name = MDWamp.framework; path = Carthage/Build/iOS/MDWamp.framework; sourceTree = "<group>"; };
		26E038531D8DE9ED0006B265 /* ReactiveCocoa.framework */ = {isa = PBXFileReference; lastKnownFileType = wrapper.framework; name = ReactiveCocoa.framework; path = Carthage/Build/iOS/ReactiveCocoa.framework; sourceTree = "<group>"; };
		26E038541D8DE9ED0006B265 /* Result.framework */ = {isa = PBXFileReference; lastKnownFileType = wrapper.framework; name = Result.framework; path = Carthage/Build/iOS/Result.framework; sourceTree = "<group>"; };
		26E038811D8F94030006B265 /* Colours.swift */ = {isa = PBXFileReference; fileEncoding = 4; lastKnownFileType = sourcecode.swift; name = Colours.swift; path = Colours/Colours.swift; sourceTree = SOURCE_ROOT; };
		26E3E2CE1D3C7DF90018EF3F /* ProperViewController.swift */ = {isa = PBXFileReference; fileEncoding = 4; lastKnownFileType = sourcecode.swift; path = ProperViewController.swift; sourceTree = "<group>"; };
		26E964F31D56382300F83797 /* MutableStationTests.swift */ = {isa = PBXFileReference; fileEncoding = 4; lastKnownFileType = sourcecode.swift; path = MutableStationTests.swift; sourceTree = "<group>"; };
		26E964F51D56386000F83797 /* MutableRouteTests.swift */ = {isa = PBXFileReference; fileEncoding = 4; lastKnownFileType = sourcecode.swift; path = MutableRouteTests.swift; sourceTree = "<group>"; };
		26E964F71D56388800F83797 /* MutableVehicleTests.swift */ = {isa = PBXFileReference; fileEncoding = 4; lastKnownFileType = sourcecode.swift; path = MutableVehicleTests.swift; sourceTree = "<group>"; };
		26E964F91D56396F00F83797 /* MutableModelTests.swift */ = {isa = PBXFileReference; fileEncoding = 4; lastKnownFileType = sourcecode.swift; path = MutableModelTests.swift; sourceTree = "<group>"; };
		26E964FC1D58E00600F83797 /* MutableModelDelegateMock.swift */ = {isa = PBXFileReference; fileEncoding = 4; lastKnownFileType = sourcecode.swift; path = MutableModelDelegateMock.swift; sourceTree = "<group>"; };
		26EBAB381D7B12DC00342D0C /* LastEventCache.swift */ = {isa = PBXFileReference; fileEncoding = 4; lastKnownFileType = sourcecode.swift; path = LastEventCache.swift; sourceTree = "<group>"; };
/* End PBXFileReference section */

/* Begin PBXFrameworksBuildPhase section */
		26A424AD1BD2C1320035754F /* Frameworks */ = {
			isa = PBXFrameworksBuildPhase;
			buildActionMask = 2147483647;
			files = (
				2647825E1C2F7B34009D9AD0 /* CoreLocation.framework in Frameworks */,
				26AC8BB61BD3503300AA0001 /* QuartzCore.framework in Frameworks */,
				26A424E21BD2C7EE0035754F /* MapKit.framework in Frameworks */,
				26E038551D8DE9ED0006B265 /* Argo.framework in Frameworks */,
				26E038561D8DE9ED0006B265 /* Curry.framework in Frameworks */,
				26E038571D8DE9ED0006B265 /* Dwifft.framework in Frameworks */,
				26E038581D8DE9ED0006B265 /* MDWamp.framework in Frameworks */,
				26E038591D8DE9ED0006B265 /* ReactiveCocoa.framework in Frameworks */,
				26E0385A1D8DE9ED0006B265 /* Result.framework in Frameworks */,
			);
			runOnlyForDeploymentPostprocessing = 0;
		};
		26A424C11BD2C1320035754F /* Frameworks */ = {
			isa = PBXFrameworksBuildPhase;
			buildActionMask = 2147483647;
			files = (
			);
			runOnlyForDeploymentPostprocessing = 0;
		};
		26A424CC1BD2C1320035754F /* Frameworks */ = {
			isa = PBXFrameworksBuildPhase;
			buildActionMask = 2147483647;
			files = (
			);
			runOnlyForDeploymentPostprocessing = 0;
		};
/* End PBXFrameworksBuildPhase section */

/* Begin PBXGroup section */
		2612B5251D4EDB0500BF671D /* Disabled */ = {
			isa = PBXGroup;
			children = (
				261DD1681C345AAC001336D4 /* RouteBadgeController.swift */,
				26AC8BB31BD34BA700AA0001 /* VehicleViewController.swift */,
			);
			path = Disabled;
			sourceTree = "<group>";
		};
		2612B5281D504F1D00BF671D /* Data */ = {
			isa = PBXGroup;
			children = (
				2612B5291D50513600BF671D /* routes.4B.json */,
				2612B52A1D50513600BF671D /* stations.BUS100W.json */,
				266CC4D71D826FC70022D064 /* vehicles.1801.json */,
			);
			path = Data;
			sourceTree = "<group>";
		};
		264782611C309F4C009D9AD0 /* Views */ = {
			isa = PBXGroup;
			children = (
				26A424E31BD2D3F20035754F /* ArrivalTableViewCell.swift */,
				267019571C3F5BB50057FD11 /* RailVehicle.swift */,
				26C598BB1C250D1E00BC9FE1 /* RouteBadge.swift */,
				261DD1621C3424E1001336D4 /* RouteBadgeLabel.swift */,
				2635DB711C3CBF4700EB58F5 /* RouteTableView.swift */,
				2675254E1D66638C00F6C33F /* RouteTableViewCell.swift */,
				2635DB771C3DDE0D00EB58F5 /* RouteTableViewHeaderFooterView.swift */,
				26DFB6751C35A7F7006A8AE0 /* ScheduleRail.swift */,
				268E72261BF9938800E981D4 /* TransitLabel.swift */,
				268E72271BF9938800E981D4 /* TransitNavigationItem.swift */,
				2698CF001D8B8FC400E6174A /* RoutesCollectionViewCell.swift */,
			);
			path = Views;
			sourceTree = "<group>";
		};
		264782621C309F7A009D9AD0 /* Controllers */ = {
			isa = PBXGroup;
			children = (
				2612B5251D4EDB0500BF671D /* Disabled */,
				26A424B51BD2C1320035754F /* StationViewController.swift */,
				264782551C2C6F67009D9AD0 /* StartListViewController.swift */,
				26A8D6011D484944000434F9 /* ArrivalsTableViewController.swift */,
				26AE681B1D601D0B0031E534 /* RouteViewController.swift */,
				2698CF021D8B904C00E6174A /* RoutesCollectionViewController.swift */,
				26AE681D1D612B810031E534 /* RouteTableViewController.swift */,
			);
			path = Controllers;
			sourceTree = "<group>";
		};
		264782641C309FAB009D9AD0 /* UI */ = {
			isa = PBXGroup;
			children = (
				26DFB67B1C35DFA5006A8AE0 /* RouteTableViewCell.xib */,
				26A424E41BD2D3F20035754F /* ArrivalTableViewCell.xib */,
				26A424BC1BD2C1320035754F /* LaunchScreen.storyboard */,
				26A424B71BD2C1320035754F /* Main.storyboard */,
			);
			path = UI;
			sourceTree = "<group>";
		};
		264782651C309FB9009D9AD0 /* Helpers */ = {
			isa = PBXGroup;
			children = (
				266111D01D51519100D8F46B /* Extensions */,
				26A424B31BD2C1320035754F /* AppDelegate.swift */,
				26DBCF481D3FF59A00B22562 /* EventLog.swift */,
				26D3E21E1D2776AB00F85712 /* Matchers.swift */,
				26E3E2CE1D3C7DF90018EF3F /* ProperViewController.swift */,
				264A13C61D26157400B44D47 /* ProperError.swift */,
				2647825F1C2F7E77009D9AD0 /* PSLocationManagerDelegate.swift */,
				268632801C319B0D00839A22 /* SceneMediator.swift */,
				26CDF9581D7B344200E53F82 /* Box.swift */,
			);
			path = Helpers;
			sourceTree = "<group>";
		};
		2650D2911D1A4C45003758BF /* Configuration */ = {
			isa = PBXGroup;
			children = (
				2650D28D1D176B65003758BF /* Configuration.swift */,
			);
			path = Configuration;
			sourceTree = "<group>";
		};
		266111D01D51519100D8F46B /* Extensions */ = {
			isa = PBXGroup;
			children = (
				2650ED9F1C41CFCC006CCD42 /* Array.swift */,
				26B9E1D21D35E0C500794EB6 /* SignalType.swift */,
				266BAE641D2B676F001C9EC8 /* UIColor.swift */,
				267525511D6D3B4F00F6C33F /* Decoded.swift */,
			);
			name = Extensions;
			sourceTree = "<group>";
		};
		266111D91D52EB2300D8F46B /* Fixtures */ = {
			isa = PBXGroup;
			children = (
				266111DC1D5378B500D8F46B /* NilConnection.swift */,
				2612F9FE1D2CCAE5005103E3 /* ConnectionMock.swift */,
				26E964FC1D58E00600F83797 /* MutableModelDelegateMock.swift */,
				26CDF95A1D7E58CD00E53F82 /* TestError.swift */,
				26CDF95C1D7E59C700E53F82 /* Model+fixture.swift */,
			);
			path = Fixtures;
			sourceTree = "<group>";
		};
		26A424A71BD2C1320035754F = {
			isa = PBXGroup;
			children = (
				2647825D1C2F7B34009D9AD0 /* CoreLocation.framework */,
				26AC8BB51BD3503300AA0001 /* QuartzCore.framework */,
				26AC8BB11BD345F100AA0001 /* Media.xcassets */,
				26A424E11BD2C7EE0035754F /* MapKit.framework */,
				26A424B21BD2C1320035754F /* Proper */,
				26A424C71BD2C1320035754F /* ProperTests */,
				26A424D21BD2C1320035754F /* ProperUITests */,
				26A424B11BD2C1320035754F /* Products */,
				26E038831D8F940F0006B265 /* Includes */,
				E4C42E7C67138C2FBA725195 /* Frameworks */,
			);
			sourceTree = "<group>";
		};
		26A424B11BD2C1320035754F /* Products */ = {
			isa = PBXGroup;
			children = (
				26A424B01BD2C1320035754F /* Proper.app */,
				26A424C41BD2C1320035754F /* ProperTests.xctest */,
				26A424CF1BD2C1320035754F /* ProperUITests.xctest */,
			);
			name = Products;
			sourceTree = "<group>";
		};
		26A424B21BD2C1320035754F /* Proper */ = {
			isa = PBXGroup;
			children = (
				26A424BA1BD2C1320035754F /* Assets.xcassets */,
				2650D2911D1A4C45003758BF /* Configuration */,
				26B3DC121D164E98001E29AA /* Connection */,
				264782621C309F7A009D9AD0 /* Controllers */,
				264782651C309FB9009D9AD0 /* Helpers */,
				26A424BF1BD2C1320035754F /* Info.plist */,
				26D3E2201D28DF9900F85712 /* Models */,
				264782641C309FAB009D9AD0 /* UI */,
				264782611C309F4C009D9AD0 /* Views */,
			);
			path = Proper;
			sourceTree = "<group>";
		};
		26A424C71BD2C1320035754F /* ProperTests */ = {
			isa = PBXGroup;
			children = (
				26AE68211D62AD250031E534 /* CanonicalRouteTests.swift */,
				26A424CA1BD2C1320035754F /* Info.plist */,
				2647548F1D551411000F0831 /* ArrivalsTableViewControllerTests.swift */,
				26C3C21A1D542ED3008E2A46 /* ConnectionMockTests.swift */,
				2612B5261D50490500BF671D /* ModelDecodeTests.swift */,
				26E964F91D56396F00F83797 /* MutableModelTests.swift */,
				26E964F51D56386000F83797 /* MutableRouteTests.swift */,
				26E964F31D56382300F83797 /* MutableStationTests.swift */,
				26E964F71D56388800F83797 /* MutableVehicleTests.swift */,
				2635DB6D1C3CB15200EB58F5 /* TransitLabelTests.swift */,
				266111D11D51521500D8F46B /* UIColorDecodeTests.swift */,
				2612B5281D504F1D00BF671D /* Data */,
				266111D91D52EB2300D8F46B /* Fixtures */,
				26E964FB1D58DFBC00F83797 /* Specs */,
			);
			path = ProperTests;
			sourceTree = "<group>";
		};
		26A424D21BD2C1320035754F /* ProperUITests */ = {
			isa = PBXGroup;
			children = (
				26A424D51BD2C1320035754F /* Info.plist */,
			);
			path = ProperUITests;
			sourceTree = "<group>";
		};
		26B3DC121D164E98001E29AA /* Connection */ = {
			isa = PBXGroup;
			children = (
				26B3DC551D170BAE001E29AA /* Connection.swift */,
				264A13C81D2625CE00B44D47 /* TopicEvent.swift */,
				26EBAB381D7B12DC00342D0C /* LastEventCache.swift */,
			);
			path = Connection;
			sourceTree = "<group>";
		};
		26D3E2201D28DF9900F85712 /* Models */ = {
			isa = PBXGroup;
			children = (
				26D3E2211D28DFE800F85712 /* Route.swift */,
				26D3E2281D28E24B00F85712 /* Station.swift */,
				26A4B7B01D32CEC800264F0D /* MutableRoute.swift */,
				26A4B7B21D33503600264F0D /* MutableVehicle.swift */,
				26A4B7AE1D32251100264F0D /* MutableStation.swift */,
				26D3E22A1D28E25200F85712 /* Vehicle.swift */,
				26D3E2271D28E0D900F85712 /* Support */,
			);
			path = Models;
			sourceTree = "<group>";
		};
		26D3E2271D28E0D900F85712 /* Support */ = {
			isa = PBXGroup;
			children = (
				26AE681F1D622CCD0031E534 /* CanonicalRoute.swift */,
				26D3E2231D28E07100F85712 /* Model.swift */,
				26D3E22E1D29BBA700F85712 /* MutableModel.swift */,
				26D3E2251D28E0B000F85712 /* Point.swift */,
				26AE68231D62BDF90031E534 /* RouteStop.swift */,
			);
			name = Support;
			sourceTree = "<group>";
		};
		26E038831D8F940F0006B265 /* Includes */ = {
			isa = PBXGroup;
			children = (
				26E038811D8F94030006B265 /* Colours.swift */,
			);
			name = Includes;
			sourceTree = "<group>";
		};
		26E964FB1D58DFBC00F83797 /* Specs */ = {
			isa = PBXGroup;
			children = (
				266111D71D52EA6100D8F46B /* MutableModelTestSpec.swift */,
			);
			path = Specs;
			sourceTree = "<group>";
		};
		E4C42E7C67138C2FBA725195 /* Frameworks */ = {
			isa = PBXGroup;
			children = (
				26E0384F1D8DE9ED0006B265 /* Argo.framework */,
				26E038501D8DE9ED0006B265 /* Curry.framework */,
				26E038511D8DE9ED0006B265 /* Dwifft.framework */,
				26E038521D8DE9ED0006B265 /* MDWamp.framework */,
				26E038531D8DE9ED0006B265 /* ReactiveCocoa.framework */,
				26E038541D8DE9ED0006B265 /* Result.framework */,
			);
			name = Frameworks;
			sourceTree = "<group>";
		};
/* End PBXGroup section */

/* Begin PBXNativeTarget section */
		26A424AF1BD2C1320035754F /* Proper */ = {
			isa = PBXNativeTarget;
			buildConfigurationList = 26A424D81BD2C1320035754F /* Build configuration list for PBXNativeTarget "Proper" */;
			buildPhases = (
				26A424AC1BD2C1320035754F /* Sources */,
				26A424AD1BD2C1320035754F /* Frameworks */,
				26A424AE1BD2C1320035754F /* Resources */,
				26E0385B1D8DEA030006B265 /* Carthage: Copy Frameworks */,
			);
			buildRules = (
			);
			dependencies = (
			);
			name = Proper;
			productName = Proper;
			productReference = 26A424B01BD2C1320035754F /* Proper.app */;
			productType = "com.apple.product-type.application";
		};
		26A424C31BD2C1320035754F /* ProperTests */ = {
			isa = PBXNativeTarget;
			buildConfigurationList = 26A424DB1BD2C1320035754F /* Build configuration list for PBXNativeTarget "ProperTests" */;
			buildPhases = (
				FB07530A854ED278E7980A96 /* [CP] Check Pods Manifest.lock */,
				26A424C01BD2C1320035754F /* Sources */,
				26A424C11BD2C1320035754F /* Frameworks */,
				26A424C21BD2C1320035754F /* Resources */,
				5A64A08EB414B238E8296708 /* [CP] Embed Pods Frameworks */,
				41F5984A3DA4DA87D3C9A38A /* [CP] Copy Pods Resources */,
			);
			buildRules = (
			);
			dependencies = (
				26A424C61BD2C1320035754F /* PBXTargetDependency */,
			);
			name = ProperTests;
			productName = ProperTests;
			productReference = 26A424C41BD2C1320035754F /* ProperTests.xctest */;
			productType = "com.apple.product-type.bundle.unit-test";
		};
		26A424CE1BD2C1320035754F /* ProperUITests */ = {
			isa = PBXNativeTarget;
			buildConfigurationList = 26A424DE1BD2C1320035754F /* Build configuration list for PBXNativeTarget "ProperUITests" */;
			buildPhases = (
				DDF29C5760C805C48C2D4569 /* [CP] Check Pods Manifest.lock */,
				26A424CB1BD2C1320035754F /* Sources */,
				26A424CC1BD2C1320035754F /* Frameworks */,
				26A424CD1BD2C1320035754F /* Resources */,
				FA47E80873330B3E7D5BF5A8 /* [CP] Copy Pods Resources */,
			);
			buildRules = (
			);
			dependencies = (
				26A424D11BD2C1320035754F /* PBXTargetDependency */,
			);
			name = ProperUITests;
			productName = ProperUITests;
			productReference = 26A424CF1BD2C1320035754F /* ProperUITests.xctest */;
			productType = "com.apple.product-type.bundle.ui-testing";
		};
/* End PBXNativeTarget section */

/* Begin PBXProject section */
		26A424A81BD2C1320035754F /* Project object */ = {
			isa = PBXProject;
			attributes = {
				LastUpgradeCheck = 0800;
				ORGANIZATIONNAME = "Elliott Williams";
				TargetAttributes = {
					26A424AF1BD2C1320035754F = {
						CreatedOnToolsVersion = 7.0.1;
						DevelopmentTeam = 9J6UD78U63;
						LastSwiftMigration = 0800;
						SystemCapabilities = {
							com.apple.Maps.iOS = {
								enabled = 1;
							};
						};
					};
					26A424C31BD2C1320035754F = {
						CreatedOnToolsVersion = 7.0.1;
						DevelopmentTeam = 9J6UD78U63;
						LastSwiftMigration = 0800;
						TestTargetID = 26A424AF1BD2C1320035754F;
					};
					26A424CE1BD2C1320035754F = {
						CreatedOnToolsVersion = 7.0.1;
						DevelopmentTeam = 9J6UD78U63;
						LastSwiftMigration = 0800;
						TestTargetID = 26A424AF1BD2C1320035754F;
					};
				};
			};
			buildConfigurationList = 26A424AB1BD2C1320035754F /* Build configuration list for PBXProject "Proper" */;
			compatibilityVersion = "Xcode 3.2";
			developmentRegion = English;
			hasScannedForEncodings = 0;
			knownRegions = (
				en,
				Base,
			);
			mainGroup = 26A424A71BD2C1320035754F;
			productRefGroup = 26A424B11BD2C1320035754F /* Products */;
			projectDirPath = "";
			projectRoot = "";
			targets = (
				26A424AF1BD2C1320035754F /* Proper */,
				26A424C31BD2C1320035754F /* ProperTests */,
				26A424CE1BD2C1320035754F /* ProperUITests */,
			);
		};
/* End PBXProject section */

/* Begin PBXResourcesBuildPhase section */
		26A424AE1BD2C1320035754F /* Resources */ = {
			isa = PBXResourcesBuildPhase;
			buildActionMask = 2147483647;
			files = (
				26AC8BB21BD345F100AA0001 /* Media.xcassets in Resources */,
				26A424BE1BD2C1320035754F /* LaunchScreen.storyboard in Resources */,
				26A424BB1BD2C1320035754F /* Assets.xcassets in Resources */,
				26A424E61BD2D3F20035754F /* ArrivalTableViewCell.xib in Resources */,
				26A424B91BD2C1320035754F /* Main.storyboard in Resources */,
				26DFB67C1C35DFA5006A8AE0 /* RouteTableViewCell.xib in Resources */,
			);
			runOnlyForDeploymentPostprocessing = 0;
		};
		26A424C21BD2C1320035754F /* Resources */ = {
			isa = PBXResourcesBuildPhase;
			buildActionMask = 2147483647;
			files = (
				2612B52D1D50513600BF671D /* stations.BUS100W.json in Resources */,
				266CC4D81D826FC70022D064 /* vehicles.1801.json in Resources */,
				2612B52C1D50513600BF671D /* routes.4B.json in Resources */,
			);
			runOnlyForDeploymentPostprocessing = 0;
		};
		26A424CD1BD2C1320035754F /* Resources */ = {
			isa = PBXResourcesBuildPhase;
			buildActionMask = 2147483647;
			files = (
			);
			runOnlyForDeploymentPostprocessing = 0;
		};
/* End PBXResourcesBuildPhase section */

/* Begin PBXShellScriptBuildPhase section */
		26E0385B1D8DEA030006B265 /* Carthage: Copy Frameworks */ = {
			isa = PBXShellScriptBuildPhase;
			buildActionMask = 2147483647;
			files = (
			);
			inputPaths = (
				"$(SRCROOT)/Carthage/Build/iOS/Argo.framework",
				"$(SRCROOT)/Carthage/Build/iOS/Curry.framework",
				"$(SRCROOT)/Carthage/Build/iOS/Dwifft.framework",
				"$(SRCROOT)/Carthage/Build/iOS/MDWamp.framework",
				"$(SRCROOT)/Carthage/Build/iOS/ReactiveCocoa.framework",
				"$(SRCROOT)/Carthage/Build/iOS/Result.framework",
			);
			name = "Carthage: Copy Frameworks";
			outputPaths = (
			);
			runOnlyForDeploymentPostprocessing = 0;
			shellPath = /bin/sh;
			shellScript = "/usr/local/bin/carthage copy-frameworks";
		};
		41F5984A3DA4DA87D3C9A38A /* [CP] Copy Pods Resources */ = {
			isa = PBXShellScriptBuildPhase;
			buildActionMask = 2147483647;
			files = (
			);
			inputPaths = (
			);
			name = "[CP] Copy Pods Resources";
			outputPaths = (
			);
			runOnlyForDeploymentPostprocessing = 0;
			shellPath = /bin/sh;
			shellScript = "\"${SRCROOT}/Pods/Target Support Files/Pods-ProperTests/Pods-ProperTests-resources.sh\"\n";
			showEnvVarsInLog = 0;
		};
		5A64A08EB414B238E8296708 /* [CP] Embed Pods Frameworks */ = {
			isa = PBXShellScriptBuildPhase;
			buildActionMask = 2147483647;
			files = (
			);
			inputPaths = (
			);
			name = "[CP] Embed Pods Frameworks";
			outputPaths = (
			);
			runOnlyForDeploymentPostprocessing = 0;
			shellPath = /bin/sh;
			shellScript = "\"${SRCROOT}/Pods/Target Support Files/Pods-ProperTests/Pods-ProperTests-frameworks.sh\"\n";
			showEnvVarsInLog = 0;
		};
		DDF29C5760C805C48C2D4569 /* [CP] Check Pods Manifest.lock */ = {
			isa = PBXShellScriptBuildPhase;
			buildActionMask = 2147483647;
			files = (
			);
			inputPaths = (
			);
			name = "[CP] Check Pods Manifest.lock";
			outputPaths = (
			);
			runOnlyForDeploymentPostprocessing = 0;
			shellPath = /bin/sh;
			shellScript = "diff \"${PODS_ROOT}/../Podfile.lock\" \"${PODS_ROOT}/Manifest.lock\" > /dev/null\nif [[ $? != 0 ]] ; then\n    cat << EOM\nerror: The sandbox is not in sync with the Podfile.lock. Run 'pod install' or update your CocoaPods installation.\nEOM\n    exit 1\nfi\n";
			showEnvVarsInLog = 0;
		};
		FA47E80873330B3E7D5BF5A8 /* [CP] Copy Pods Resources */ = {
			isa = PBXShellScriptBuildPhase;
			buildActionMask = 2147483647;
			files = (
			);
			inputPaths = (
			);
			name = "[CP] Copy Pods Resources";
			outputPaths = (
			);
			runOnlyForDeploymentPostprocessing = 0;
			shellPath = /bin/sh;
			shellScript = "\"${SRCROOT}/Pods/Target Support Files/Pods-ProperUITests/Pods-ProperUITests-resources.sh\"\n";
			showEnvVarsInLog = 0;
		};
		FB07530A854ED278E7980A96 /* [CP] Check Pods Manifest.lock */ = {
			isa = PBXShellScriptBuildPhase;
			buildActionMask = 2147483647;
			files = (
			);
			inputPaths = (
			);
			name = "[CP] Check Pods Manifest.lock";
			outputPaths = (
			);
			runOnlyForDeploymentPostprocessing = 0;
			shellPath = /bin/sh;
			shellScript = "diff \"${PODS_ROOT}/../Podfile.lock\" \"${PODS_ROOT}/Manifest.lock\" > /dev/null\nif [[ $? != 0 ]] ; then\n    cat << EOM\nerror: The sandbox is not in sync with the Podfile.lock. Run 'pod install' or update your CocoaPods installation.\nEOM\n    exit 1\nfi\n";
			showEnvVarsInLog = 0;
		};
/* End PBXShellScriptBuildPhase section */

/* Begin PBXSourcesBuildPhase section */
		26A424AC1BD2C1320035754F /* Sources */ = {
			isa = PBXSourcesBuildPhase;
			buildActionMask = 2147483647;
			files = (
				26D3E2261D28E0B000F85712 /* Point.swift in Sources */,
				26E3E2D01D3C810B0018EF3F /* StationViewController.swift in Sources */,
				264782601C2F7E77009D9AD0 /* PSLocationManagerDelegate.swift in Sources */,
				26D3E21F1D2776AB00F85712 /* Matchers.swift in Sources */,
				2635DB781C3DDE0D00EB58F5 /* RouteTableViewHeaderFooterView.swift in Sources */,
				261DD1631C3424E1001336D4 /* RouteBadgeLabel.swift in Sources */,
				26A4B7B31D33503600264F0D /* MutableVehicle.swift in Sources */,
				266BAE661D2B7159001C9EC8 /* StartListViewController.swift in Sources */,
				267525521D6D3B4F00F6C33F /* Decoded.swift in Sources */,
				2698CF011D8B8FC400E6174A /* RoutesCollectionViewCell.swift in Sources */,
				2698CF031D8B904C00E6174A /* RoutesCollectionViewController.swift in Sources */,
				26D3E2221D28DFE800F85712 /* Route.swift in Sources */,
				26A4B7AF1D32251100264F0D /* MutableStation.swift in Sources */,
				26AE68201D622CCD0031E534 /* CanonicalRoute.swift in Sources */,
				26A4B7B11D32CEC800264F0D /* MutableRoute.swift in Sources */,
				26AE681E1D612B810031E534 /* RouteTableViewController.swift in Sources */,
				26E038821D8F94030006B265 /* Colours.swift in Sources */,
				26A424E51BD2D3F20035754F /* ArrivalTableViewCell.swift in Sources */,
				26D3E22B1D28E25200F85712 /* Vehicle.swift in Sources */,
				26AE681C1D601D0B0031E534 /* RouteViewController.swift in Sources */,
				2675254F1D66638C00F6C33F /* RouteTableViewCell.swift in Sources */,
				268E72281BF9938800E981D4 /* TransitLabel.swift in Sources */,
				26B9E1D31D35E0C500794EB6 /* SignalType.swift in Sources */,
				26A8D6021D484944000434F9 /* ArrivalsTableViewController.swift in Sources */,
				264A13C91D2625CE00B44D47 /* TopicEvent.swift in Sources */,
				26CDF9591D7B344200E53F82 /* Box.swift in Sources */,
				264A13C71D26157400B44D47 /* ProperError.swift in Sources */,
				26D3E2241D28E07100F85712 /* Model.swift in Sources */,
				2635DB721C3CBF4700EB58F5 /* RouteTableView.swift in Sources */,
				266BAE651D2B676F001C9EC8 /* UIColor.swift in Sources */,
				26C598BC1C250D1E00BC9FE1 /* RouteBadge.swift in Sources */,
				26B3DC561D170BAE001E29AA /* Connection.swift in Sources */,
				2650EDA01C41CFCC006CCD42 /* Array.swift in Sources */,
				26D3E22F1D29BBA700F85712 /* MutableModel.swift in Sources */,
				267019581C3F5BB50057FD11 /* RailVehicle.swift in Sources */,
				268632811C319B0D00839A22 /* SceneMediator.swift in Sources */,
				26D3E2291D28E24B00F85712 /* Station.swift in Sources */,
				268E72291BF9938800E981D4 /* TransitNavigationItem.swift in Sources */,
				26A424B41BD2C1320035754F /* AppDelegate.swift in Sources */,
				26AE68241D62BDF90031E534 /* RouteStop.swift in Sources */,
				26DBCF491D3FF59A00B22562 /* EventLog.swift in Sources */,
				2650D28E1D176B65003758BF /* Configuration.swift in Sources */,
				26EBAB391D7B12DC00342D0C /* LastEventCache.swift in Sources */,
				26E3E2CF1D3C7DF90018EF3F /* ProperViewController.swift in Sources */,
				26DFB6761C35A7F7006A8AE0 /* ScheduleRail.swift in Sources */,
			);
			runOnlyForDeploymentPostprocessing = 0;
		};
		26A424C01BD2C1320035754F /* Sources */ = {
			isa = PBXSourcesBuildPhase;
			buildActionMask = 2147483647;
			files = (
				26CDF95D1D7E59C700E53F82 /* Model+fixture.swift in Sources */,
				26C3C21C1D543CFF008E2A46 /* MutableModelTestSpec.swift in Sources */,
				266111DD1D5378B500D8F46B /* NilConnection.swift in Sources */,
				264754901D551411000F0831 /* ArrivalsTableViewControllerTests.swift in Sources */,
				26E964FA1D56396F00F83797 /* MutableModelTests.swift in Sources */,
				26CDF95B1D7E58CD00E53F82 /* TestError.swift in Sources */,
				266111DE1D5380D300D8F46B /* ConnectionMock.swift in Sources */,
				26E964FD1D58E00600F83797 /* MutableModelDelegateMock.swift in Sources */,
				2635DB6E1C3CB15200EB58F5 /* TransitLabelTests.swift in Sources */,
				26AE68221D62AD250031E534 /* CanonicalRouteTests.swift in Sources */,
				26E964F81D56388800F83797 /* MutableVehicleTests.swift in Sources */,
				266111D21D51521500D8F46B /* UIColorDecodeTests.swift in Sources */,
				26C3C21B1D542ED3008E2A46 /* ConnectionMockTests.swift in Sources */,
				26E964F41D56382300F83797 /* MutableStationTests.swift in Sources */,
				26E964F61D56386000F83797 /* MutableRouteTests.swift in Sources */,
				2612B5271D50490500BF671D /* ModelDecodeTests.swift in Sources */,
			);
			runOnlyForDeploymentPostprocessing = 0;
		};
		26A424CB1BD2C1320035754F /* Sources */ = {
			isa = PBXSourcesBuildPhase;
			buildActionMask = 2147483647;
			files = (
			);
			runOnlyForDeploymentPostprocessing = 0;
		};
/* End PBXSourcesBuildPhase section */

/* Begin PBXTargetDependency section */
		26A424C61BD2C1320035754F /* PBXTargetDependency */ = {
			isa = PBXTargetDependency;
			target = 26A424AF1BD2C1320035754F /* Proper */;
			targetProxy = 26A424C51BD2C1320035754F /* PBXContainerItemProxy */;
		};
		26A424D11BD2C1320035754F /* PBXTargetDependency */ = {
			isa = PBXTargetDependency;
			target = 26A424AF1BD2C1320035754F /* Proper */;
			targetProxy = 26A424D01BD2C1320035754F /* PBXContainerItemProxy */;
		};
/* End PBXTargetDependency section */

/* Begin PBXVariantGroup section */
		26A424B71BD2C1320035754F /* Main.storyboard */ = {
			isa = PBXVariantGroup;
			children = (
				26A424B81BD2C1320035754F /* Base */,
			);
			name = Main.storyboard;
			sourceTree = "<group>";
		};
		26A424BC1BD2C1320035754F /* LaunchScreen.storyboard */ = {
			isa = PBXVariantGroup;
			children = (
				26A424BD1BD2C1320035754F /* Base */,
			);
			name = LaunchScreen.storyboard;
			sourceTree = "<group>";
		};
/* End PBXVariantGroup section */

/* Begin XCBuildConfiguration section */
		26A424D61BD2C1320035754F /* Debug */ = {
			isa = XCBuildConfiguration;
			buildSettings = {
				ALWAYS_SEARCH_USER_PATHS = NO;
				CLANG_CXX_LANGUAGE_STANDARD = "gnu++0x";
				CLANG_CXX_LIBRARY = "libc++";
				CLANG_ENABLE_MODULES = YES;
				CLANG_ENABLE_OBJC_ARC = YES;
				CLANG_WARN_BOOL_CONVERSION = YES;
				CLANG_WARN_CONSTANT_CONVERSION = YES;
				CLANG_WARN_DIRECT_OBJC_ISA_USAGE = YES_ERROR;
				CLANG_WARN_EMPTY_BODY = YES;
				CLANG_WARN_ENUM_CONVERSION = YES;
				CLANG_WARN_INFINITE_RECURSION = YES;
				CLANG_WARN_INT_CONVERSION = YES;
				CLANG_WARN_OBJC_ROOT_CLASS = YES_ERROR;
				CLANG_WARN_SUSPICIOUS_MOVE = YES;
				CLANG_WARN_UNREACHABLE_CODE = YES;
				CLANG_WARN__DUPLICATE_METHOD_MATCH = YES;
				"CODE_SIGN_IDENTITY[sdk=iphoneos*]" = "iPhone Developer";
				COPY_PHASE_STRIP = NO;
				DEBUG_INFORMATION_FORMAT = dwarf;
				DEFINES_MODULE = YES;
				ENABLE_STRICT_OBJC_MSGSEND = YES;
				ENABLE_TESTABILITY = YES;
				GCC_C_LANGUAGE_STANDARD = gnu99;
				GCC_DYNAMIC_NO_PIC = NO;
				GCC_NO_COMMON_BLOCKS = YES;
				GCC_OPTIMIZATION_LEVEL = 0;
				GCC_PREPROCESSOR_DEFINITIONS = (
					"DEBUG=1",
					"$(inherited)",
				);
				"GCC_PREPROCESSOR_DEFINITIONS[arch=*]" = (
					DEBUG,
					"$(inherited)",
				);
				GCC_WARN_64_TO_32_BIT_CONVERSION = YES;
				GCC_WARN_ABOUT_RETURN_TYPE = YES_ERROR;
				GCC_WARN_UNDECLARED_SELECTOR = YES;
				GCC_WARN_UNINITIALIZED_AUTOS = YES_AGGRESSIVE;
				GCC_WARN_UNUSED_FUNCTION = YES;
				GCC_WARN_UNUSED_VARIABLE = YES;
				IPHONEOS_DEPLOYMENT_TARGET = 9.0;
				MTL_ENABLE_DEBUG_INFO = YES;
				ONLY_ACTIVE_ARCH = YES;
				PRODUCT_NAME = Proper;
				SDKROOT = iphoneos;
				SWIFT_OPTIMIZATION_LEVEL = "-Onone";
			};
			name = Debug;
		};
		26A424D71BD2C1320035754F /* Release */ = {
			isa = XCBuildConfiguration;
			buildSettings = {
				ALWAYS_SEARCH_USER_PATHS = NO;
				CLANG_CXX_LANGUAGE_STANDARD = "gnu++0x";
				CLANG_CXX_LIBRARY = "libc++";
				CLANG_ENABLE_MODULES = YES;
				CLANG_ENABLE_OBJC_ARC = YES;
				CLANG_WARN_BOOL_CONVERSION = YES;
				CLANG_WARN_CONSTANT_CONVERSION = YES;
				CLANG_WARN_DIRECT_OBJC_ISA_USAGE = YES_ERROR;
				CLANG_WARN_EMPTY_BODY = YES;
				CLANG_WARN_ENUM_CONVERSION = YES;
				CLANG_WARN_INFINITE_RECURSION = YES;
				CLANG_WARN_INT_CONVERSION = YES;
				CLANG_WARN_OBJC_ROOT_CLASS = YES_ERROR;
				CLANG_WARN_SUSPICIOUS_MOVE = YES;
				CLANG_WARN_UNREACHABLE_CODE = YES;
				CLANG_WARN__DUPLICATE_METHOD_MATCH = YES;
				"CODE_SIGN_IDENTITY[sdk=iphoneos*]" = "iPhone Developer";
				COPY_PHASE_STRIP = NO;
				DEBUG_INFORMATION_FORMAT = "dwarf-with-dsym";
				DEFINES_MODULE = YES;
				ENABLE_NS_ASSERTIONS = NO;
				ENABLE_STRICT_OBJC_MSGSEND = YES;
				GCC_C_LANGUAGE_STANDARD = gnu99;
				GCC_NO_COMMON_BLOCKS = YES;
				GCC_WARN_64_TO_32_BIT_CONVERSION = YES;
				GCC_WARN_ABOUT_RETURN_TYPE = YES_ERROR;
				GCC_WARN_UNDECLARED_SELECTOR = YES;
				GCC_WARN_UNINITIALIZED_AUTOS = YES_AGGRESSIVE;
				GCC_WARN_UNUSED_FUNCTION = YES;
				GCC_WARN_UNUSED_VARIABLE = YES;
				IPHONEOS_DEPLOYMENT_TARGET = 9.0;
				MTL_ENABLE_DEBUG_INFO = NO;
				PRODUCT_NAME = Proper;
				SDKROOT = iphoneos;
				SWIFT_OPTIMIZATION_LEVEL = "-Owholemodule";
				VALIDATE_PRODUCT = YES;
			};
			name = Release;
		};
		26A424D91BD2C1320035754F /* Debug */ = {
			isa = XCBuildConfiguration;
			buildSettings = {
				ALWAYS_EMBED_SWIFT_STANDARD_LIBRARIES = YES;
				ASSETCATALOG_COMPILER_APPICON_NAME = AppIcon;
				FRAMEWORK_SEARCH_PATHS = (
					"$(inherited)",
					"$(PROJECT_DIR)/Carthage/Build/iOS",
				);
				GCC_PREPROCESSOR_DEFINITIONS = "$(inherited)";
				INFOPLIST_FILE = "$(SRCROOT)/Proper/Info.plist";
				IPHONEOS_DEPLOYMENT_TARGET = 9.3;
				LD_RUNPATH_SEARCH_PATHS = "$(inherited) @executable_path/Frameworks";
				OTHER_LDFLAGS = "$(inherited)";
				PRODUCT_BUNDLE_IDENTIFIER = us.transio.Proper;
				PRODUCT_NAME = Proper;
				SWIFT_VERSION = 2.3;
			};
			name = Debug;
		};
		26A424DA1BD2C1320035754F /* Release */ = {
			isa = XCBuildConfiguration;
			buildSettings = {
				ALWAYS_EMBED_SWIFT_STANDARD_LIBRARIES = YES;
				ASSETCATALOG_COMPILER_APPICON_NAME = AppIcon;
				FRAMEWORK_SEARCH_PATHS = (
					"$(inherited)",
					"$(PROJECT_DIR)/Carthage/Build/iOS",
				);
				INFOPLIST_FILE = "$(SRCROOT)/Proper/Info.plist";
				IPHONEOS_DEPLOYMENT_TARGET = 9.3;
				LD_RUNPATH_SEARCH_PATHS = "$(inherited) @executable_path/Frameworks";
				PRODUCT_BUNDLE_IDENTIFIER = us.transio.Proper;
				PRODUCT_NAME = Proper;
				SWIFT_VERSION = 2.3;
			};
			name = Release;
		};
		26A424DC1BD2C1320035754F /* Debug */ = {
			isa = XCBuildConfiguration;
			buildSettings = {
				BUNDLE_LOADER = "$(TEST_HOST)";
				INFOPLIST_FILE = ProperTests/Info.plist;
				LD_RUNPATH_SEARCH_PATHS = "$(inherited) @executable_path/Frameworks @loader_path/Frameworks";
				PRODUCT_BUNDLE_IDENTIFIER = ms.elliottwillia.ProperTests;
				PRODUCT_NAME = ProperTests;
				SWIFT_VERSION = 2.3;
				TEST_HOST = "$(BUILT_PRODUCTS_DIR)/Proper.app/Proper";
			};
			name = Debug;
		};
		26A424DD1BD2C1320035754F /* Release */ = {
			isa = XCBuildConfiguration;
			buildSettings = {
				BUNDLE_LOADER = "$(TEST_HOST)";
				INFOPLIST_FILE = ProperTests/Info.plist;
				LD_RUNPATH_SEARCH_PATHS = "$(inherited) @executable_path/Frameworks @loader_path/Frameworks";
				PRODUCT_BUNDLE_IDENTIFIER = ms.elliottwillia.ProperTests;
				PRODUCT_NAME = ProperTests;
				SWIFT_VERSION = 2.3;
				TEST_HOST = "$(BUILT_PRODUCTS_DIR)/Proper.app/Proper";
			};
			name = Release;
		};
		26A424DF1BD2C1320035754F /* Debug */ = {
			isa = XCBuildConfiguration;
			buildSettings = {
				INFOPLIST_FILE = ProperUITests/Info.plist;
				LD_RUNPATH_SEARCH_PATHS = "$(inherited) @executable_path/Frameworks @loader_path/Frameworks";
				PRODUCT_BUNDLE_IDENTIFIER = ms.elliottwillia.ProperUITests;
				PRODUCT_NAME = ProperUITests;
				SWIFT_VERSION = 2.3;
				TEST_TARGET_NAME = Proper;
				USES_XCTRUNNER = YES;
			};
			name = Debug;
		};
		26A424E01BD2C1320035754F /* Release */ = {
			isa = XCBuildConfiguration;
			buildSettings = {
				INFOPLIST_FILE = ProperUITests/Info.plist;
				LD_RUNPATH_SEARCH_PATHS = "$(inherited) @executable_path/Frameworks @loader_path/Frameworks";
				PRODUCT_BUNDLE_IDENTIFIER = ms.elliottwillia.ProperUITests;
				PRODUCT_NAME = ProperUITests;
				SWIFT_VERSION = 2.3;
				TEST_TARGET_NAME = Proper;
				USES_XCTRUNNER = YES;
			};
			name = Release;
		};
/* End XCBuildConfiguration section */

/* Begin XCConfigurationList section */
		26A424AB1BD2C1320035754F /* Build configuration list for PBXProject "Proper" */ = {
			isa = XCConfigurationList;
			buildConfigurations = (
				26A424D61BD2C1320035754F /* Debug */,
				26A424D71BD2C1320035754F /* Release */,
			);
			defaultConfigurationIsVisible = 0;
			defaultConfigurationName = Release;
		};
		26A424D81BD2C1320035754F /* Build configuration list for PBXNativeTarget "Proper" */ = {
			isa = XCConfigurationList;
			buildConfigurations = (
				26A424D91BD2C1320035754F /* Debug */,
				26A424DA1BD2C1320035754F /* Release */,
			);
			defaultConfigurationIsVisible = 0;
			defaultConfigurationName = Release;
		};
		26A424DB1BD2C1320035754F /* Build configuration list for PBXNativeTarget "ProperTests" */ = {
			isa = XCConfigurationList;
			buildConfigurations = (
				26A424DC1BD2C1320035754F /* Debug */,
				26A424DD1BD2C1320035754F /* Release */,
			);
			defaultConfigurationIsVisible = 0;
			defaultConfigurationName = Release;
		};
		26A424DE1BD2C1320035754F /* Build configuration list for PBXNativeTarget "ProperUITests" */ = {
			isa = XCConfigurationList;
			buildConfigurations = (
				26A424DF1BD2C1320035754F /* Debug */,
				26A424E01BD2C1320035754F /* Release */,
			);
			defaultConfigurationIsVisible = 0;
			defaultConfigurationName = Release;
		};
/* End XCConfigurationList section */
	};
	rootObject = 26A424A81BD2C1320035754F /* Project object */;
}
